{
  "name": "@kirigami/php-wasm",
  "version": "8.5.7-1",
  "lockfileVersion": 3,
  "requires": true,
  "packages": {
    "": {
      "name": "@kirigami/php-wasm",
      "version": "8.5.7",
      "license": "GPL-2.0-or-later",
      "dependencies": {
        "wasm-feature-detect": "1.8.0"
      },
      "engines": {
        "node": ">=20.10.0",
        "npm": ">=10.2.3"
      }
    },
    "node_modules/wasm-feature-detect": {
      "version": "1.8.0",
      "resolved": "https://registry.npmjs.org/wasm-feature-detect/-/wasm-feature-detect-1.8.0.tgz",
      "integrity": "sha512-zksaLKM2fVlnB5jQQDqKXXwYHLQUVH9es+5TOOHwGOVJOCeRBCiPjwSg+3tN2AdTCzjgli4jijCH290kXb/zWQ==",
      "license": "Apache-2.0"
    }
  }
}
